// !$*UTF8*$!
{
	archiveVersion = 1;
	classes = {
	};
	objectVersion = 50;
	objects = {

/* Begin PBXBuildFile section */
		EA621B9B25B54F1100D8FC32 /* AppDelegate.swift in Sources */ = {isa = PBXBuildFile; fileRef = EA621B9A25B54F1100D8FC32 /* AppDelegate.swift */; };
		EA621B9D25B54F1100D8FC32 /* SceneDelegate.swift in Sources */ = {isa = PBXBuildFile; fileRef = EA621B9C25B54F1100D8FC32 /* SceneDelegate.swift */; };
		EA621B9F25B54F1100D8FC32 /* ViewController.swift in Sources */ = {isa = PBXBuildFile; fileRef = EA621B9E25B54F1100D8FC32 /* ViewController.swift */; };
		EA621BA225B54F1100D8FC32 /* Main.storyboard in Resources */ = {isa = PBXBuildFile; fileRef = EA621BA025B54F1100D8FC32 /* Main.storyboard */; };
		EA621BA425B54F1200D8FC32 /* Assets.xcassets in Resources */ = {isa = PBXBuildFile; fileRef = EA621BA325B54F1200D8FC32 /* Assets.xcassets */; };
		EA621BA725B54F1200D8FC32 /* LaunchScreen.storyboard in Resources */ = {isa = PBXBuildFile; fileRef = EA621BA525B54F1200D8FC32 /* LaunchScreen.storyboard */; };
		EA621BB425B56EED00D8FC32 /* Question.swift in Sources */ = {isa = PBXBuildFile; fileRef = EA621BB325B56EED00D8FC32 /* Question.swift */; };
		EA621BBC25B6C9F600D8FC32 /* QuizBrain.swift in Sources */ = {isa = PBXBuildFile; fileRef = EA621BBB25B6C9F600D8FC32 /* QuizBrain.swift */; };
/* End PBXBuildFile section */

/* Begin PBXFileReference section */
		EA621B9725B54F1100D8FC32 /* quizy.app */ = {isa = PBXFileReference; explicitFileType = wrapper.application; includeInIndex = 0; path = quizy.app; sourceTree = BUILT_PRODUCTS_DIR; };
		EA621B9A25B54F1100D8FC32 /* AppDelegate.swift */ = {isa = PBXFileReference; lastKnownFileType = sourcecode.swift; path = AppDelegate.swift; sourceTree = "<group>"; };
		EA621B9C25B54F1100D8FC32 /* SceneDelegate.swift */ = {isa = PBXFileReference; lastKnownFileType = sourcecode.swift; path = SceneDelegate.swift; sourceTree = "<group>"; };
		EA621B9E25B54F1100D8FC32 /* ViewController.swift */ = {isa = PBXFileReference; lastKnownFileType = sourcecode.swift; path = ViewController.swift; sourceTree = "<group>"; };
		EA621BA125B54F1100D8FC32 /* Base */ = {isa = PBXFileReference; lastKnownFileType = file.storyboard; name = Base; path = Base.lproj/Main.storyboard; sourceTree = "<group>"; };
		EA621BA325B54F1200D8FC32 /* Assets.xcassets */ = {isa = PBXFileReference; lastKnownFileType = folder.assetcatalog; path = Assets.xcassets; sourceTree = "<group>"; };
		EA621BA625B54F1200D8FC32 /* Base */ = {isa = PBXFileReference; lastKnownFileType = file.storyboard; name = Base; path = Base.lproj/LaunchScreen.storyboard; sourceTree = "<group>"; };
		EA621BA825B54F1200D8FC32 /* Info.plist */ = {isa = PBXFileReference; lastKnownFileType = text.plist.xml; path = Info.plist; sourceTree = "<group>"; };
		EA621BB325B56EED00D8FC32 /* Question.swift */ = {isa = PBXFileReference; lastKnownFileType = sourcecode.swift; path = Question.swift; sourceTree = "<group>"; };
		EA621BBB25B6C9F600D8FC32 /* QuizBrain.swift */ = {isa = PBXFileReference; lastKnownFileType = sourcecode.swift; path = QuizBrain.swift; sourceTree = "<group>"; };
/* End PBXFileReference section */

/* Begin PBXFrameworksBuildPhase section */
		EA621B9425B54F1100D8FC32 /* Frameworks */ = {
			isa = PBXFrameworksBuildPhase;
			buildActionMask = 2147483647;
			files = (
			);
			runOnlyForDeploymentPostprocessing = 0;
		};
/* End PBXFrameworksBuildPhase section */

/* Begin PBXGroup section */
		EA621B8E25B54F1100D8FC32 = {
			isa = PBXGroup;
			children = (
				EA621B9925B54F1100D8FC32 /* quizy */,
				EA621B9825B54F1100D8FC32 /* Products */,
			);
			sourceTree = "<group>";
		};
		EA621B9825B54F1100D8FC32 /* Products */ = {
			isa = PBXGroup;
			children = (
				EA621B9725B54F1100D8FC32 /* quizy.app */,
			);
			name = Products;
			sourceTree = "<group>";
		};
		EA621B9925B54F1100D8FC32 /* quizy */ = {
			isa = PBXGroup;
			children = (
				EA621B9A25B54F1100D8FC32 /* AppDelegate.swift */,
				EA621B9C25B54F1100D8FC32 /* SceneDelegate.swift */,
				EA621BB625B6C9B400D8FC32 /* Model */,
				EA621BB825B6C9C200D8FC32 /* View */,
				EA621BB925B6C9CA00D8FC32 /* Controller */,
				EA621BA325B54F1200D8FC32 /* Assets.xcassets */,
				EA621BA525B54F1200D8FC32 /* LaunchScreen.storyboard */,
				EA621BA825B54F1200D8FC32 /* Info.plist */,
			);
			path = quizy;
			sourceTree = "<group>";
		};
		EA621BB625B6C9B400D8FC32 /* Model */ = {
			isa = PBXGroup;
			children = (
				EA621BB325B56EED00D8FC32 /* Question.swift */,
				EA621BBB25B6C9F600D8FC32 /* QuizBrain.swift */,
			);
			path = Model;
			sourceTree = "<group>";
		};
		EA621BB825B6C9C200D8FC32 /* View */ = {
			isa = PBXGroup;
			children = (
				EA621BA025B54F1100D8FC32 /* Main.storyboard */,
			);
			path = View;
			sourceTree = "<group>";
		};
		EA621BB925B6C9CA00D8FC32 /* Controller */ = {
			isa = PBXGroup;
			children = (
				EA621B9E25B54F1100D8FC32 /* ViewController.swift */,
			);
			path = Controller;
			sourceTree = "<group>";
		};
/* End PBXGroup section */

/* Begin PBXNativeTarget section */
		EA621B9625B54F1100D8FC32 /* quizy */ = {
			isa = PBXNativeTarget;
			buildConfigurationList = EA621BAB25B54F1200D8FC32 /* Build configuration list for PBXNativeTarget "quizy" */;
			buildPhases = (
				EA621B9325B54F1100D8FC32 /* Sources */,
				EA621B9425B54F1100D8FC32 /* Frameworks */,
				EA621B9525B54F1100D8FC32 /* Resources */,
			);
			buildRules = (
			);
			dependencies = (
			);
			name = quizy;
			productName = quizy;
			productReference = EA621B9725B54F1100D8FC32 /* quizy.app */;
			productType = "com.apple.product-type.application";
		};
/* End PBXNativeTarget section */

/* Begin PBXProject section */
		EA621B8F25B54F1100D8FC32 /* Project object */ = {
			isa = PBXProject;
			attributes = {
				LastSwiftUpdateCheck = 1230;
				LastUpgradeCheck = 1230;
				TargetAttributes = {
					EA621B9625B54F1100D8FC32 = {
						CreatedOnToolsVersion = 12.3;
					};
				};
			};
			buildConfigurationList = EA621B9225B54F1100D8FC32 /* Build configuration list for PBXProject "quizy" */;
			compatibilityVersion = "Xcode 9.3";
			developmentRegion = en;
			hasScannedForEncodings = 0;
			knownRegions = (
				en,
				Base,
			);
			mainGroup = EA621B8E25B54F1100D8FC32;
			productRefGroup = EA621B9825B54F1100D8FC32 /* Products */;
			projectDirPath = "";
			projectRoot = "";
			targets = (
				EA621B9625B54F1100D8FC32 /* quizy */,
			);
		};
/* End PBXProject section */

/* Begin PBXResourcesBuildPhase section */
		EA621B9525B54F1100D8FC32 /* Resources */ = {
			isa = PBXResourcesBuildPhase;
			buildActionMask = 2147483647;
			files = (
				EA621BA725B54F1200D8FC32 /* LaunchScreen.storyboard in Resources */,
				EA621BA425B54F1200D8FC32 /* Assets.xcassets in Resources */,
				EA621BA225B54F1100D8FC32 /* Main.storyboard in Resources */,
			);
			runOnlyForDeploymentPostprocessing = 0;
		};
/* End PBXResourcesBuildPhase section */

/* Begin PBXSourcesBuildPhase section */
		EA621B9325B54F1100D8FC32 /* Sources */ = {
			isa = PBXSourcesBuildPhase;
			buildActionMask = 2147483647;
			files = (
				EA621BBC25B6C9F600D8FC32 /* QuizBrain.swift in Sources */,
				EA621B9F25B54F1100D8FC32 /* ViewController.swift in Sources */,
				EA621BB425B56EED00D8FC32 /* Question.swift in Sources */,
				EA621B9B25B54F1100D8FC32 /* AppDelegate.swift in Sources */,
				EA621B9D25B54F1100D8FC32 /* SceneDelegate.swift in Sources */,
			);
			runOnlyForDeploymentPostprocessing = 0;
		};
/* End PBXSourcesBuildPhase section */

/* Begin PBXVariantGroup section */
		EA621BA025B54F1100D8FC32 /* Main.storyboard */ = {
			isa = PBXVariantGroup;
			children = (
				EA621BA125B54F1100D8FC32 /* Base */,
			);
			name = Main.storyboard;
			sourceTree = "<group>";
		};
		EA621BA525B54F1200D8FC32 /* LaunchScreen.storyboard */ = {
			isa = PBXVariantGroup;
			children = (
				EA621BA625B54F1200D8FC32 /* Base */,
			);
			name = LaunchScreen.storyboard;
			sourceTree = "<group>";
		};
/* End PBXVariantGroup section */

/* Begin XCBuildConfiguration section */
		EA621BA925B54F1200D8FC32 /* Debug */ = {
			isa = XCBuildConfiguration;
			buildSettings = {
				ALWAYS_SEARCH_USER_PATHS = NO;
				CLANG_ANALYZER_NONNULL = YES;
				CLANG_ANALYZER_NUMBER_OBJECT_CONVERSION = YES_AGGRESSIVE;
				CLANG_CXX_LANGUAGE_STANDARD = "gnu++14";
				CLANG_CXX_LIBRARY = "libc++";
				CLANG_ENABLE_MODULES = YES;
				CLANG_ENABLE_OBJC_ARC = YES;
				CLANG_ENABLE_OBJC_WEAK = YES;
				CLANG_WARN_BLOCK_CAPTURE_AUTORELEASING = YES;
				CLANG_WARN_BOOL_CONVERSION = YES;
				CLANG_WARN_COMMA = YES;
				CLANG_WARN_CONSTANT_CONVERSION = YES;
				CLANG_WARN_DEPRECATED_OBJC_IMPLEMENTATIONS = YES;
				CLANG_WARN_DIRECT_OBJC_ISA_USAGE = YES_ERROR;
				CLANG_WARN_DOCUMENTATION_COMMENTS = YES;
				CLANG_WARN_EMPTY_BODY = YES;
				CLANG_WARN_ENUM_CONVERSION = YES;
				CLANG_WARN_INFINITE_RECURSION = YES;
				CLANG_WARN_INT_CONVERSION = YES;
				CLANG_WARN_NON_LITERAL_NULL_CONVERSION = YES;
				CLANG_WARN_OBJC_IMPLICIT_RETAIN_SELF = YES;
				CLANG_WARN_OBJC_LITERAL_CONVERSION = YES;
				CLANG_WARN_OBJC_ROOT_CLASS = YES_ERROR;
				CLANG_WARN_QUOTED_INCLUDE_IN_FRAMEWORK_HEADER = YES;
				CLANG_WARN_RANGE_LOOP_ANALYSIS = YES;
				CLANG_WARN_STRICT_PROTOTYPES = YES;
				CLANG_WARN_SUSPICIOUS_MOVE = YES;
				CLANG_WARN_UNGUARDED_AVAILABILITY = YES_AGGRESSIVE;
				CLANG_WARN_UNREACHABLE_CODE = YES;
				CLANG_WARN__DUPLICATE_METHOD_MATCH = YES;
				COPY_PHASE_STRIP = NO;
				DEBUG_INFORMATION_FORMAT = dwarf;
				ENABLE_STRICT_OBJC_MSGSEND = YES;
				ENABLE_TESTABILITY = YES;
				GCC_C_LANGUAGE_STANDARD = gnu11;
				GCC_DYNAMIC_NO_PIC = NO;
				GCC_NO_COMMON_BLOCKS = YES;
				GCC_OPTIMIZATION_LEVEL = 0;
				GCC_PREPROCESSOR_DEFINITIONS = (
					"DEBUG=1",
					"$(inherited)",
				);
				GCC_WARN_64_TO_32_BIT_CONVERSION = YES;
				GCC_WARN_ABOUT_RETURN_TYPE = YES_ERROR;
				GCC_WARN_UNDECLARED_SELECTOR = YES;
				GCC_WARN_UNINITIALIZED_AUTOS = YES_AGGRESSIVE;
				GCC_WARN_UNUSED_FUNCTION = YES;
				GCC_WARN_UNUSED_VARIABLE = YES;
				IPHONEOS_DEPLOYMENT_TARGET = 14.3;
				MTL_ENABLE_DEBUG_INFO = INCLUDE_SOURCE;
				MTL_FAST_MATH = YES;
				ONLY_ACTIVE_ARCH = YES;
				SDKROOT = iphoneos;
				SWIFT_ACTIVE_COMPILATION_CONDITIONS = DEBUG;
				SWIFT_OPTIMIZATION_LEVEL = "-Onone";
			};
			name = Debug;
		};
		EA621BAA25B54F1200D8FC32 /* Release */ = {
			isa = XCBuildConfiguration;
			buildSettings = {
				ALWAYS_SEARCH_USER_PATHS = NO;
				CLANG_ANALYZER_NONNULL = YES;
				CLANG_ANALYZER_NUMBER_OBJECT_CONVERSION = YES_AGGRESSIVE;
				CLANG_CXX_LANGUAGE_STANDARD = "gnu++14";
				CLANG_CXX_LIBRARY = "libc++";
				CLANG_ENABLE_MODULES = YES;
				CLANG_ENABLE_OBJC_ARC = YES;
				CLANG_ENABLE_OBJC_WEAK = YES;
				CLANG_WARN_BLOCK_CAPTURE_AUTORELEASING = YES;
				CLANG_WARN_BOOL_CONVERSION = YES;
				CLANG_WARN_COMMA = YES;
				CLANG_WARN_CONSTANT_CONVERSION = YES;
				CLANG_WARN_DEPRECATED_OBJC_IMPLEMENTATIONS = YES;
				CLANG_WARN_DIRECT_OBJC_ISA_USAGE = YES_ERROR;
				CLANG_WARN_DOCUMENTATION_COMMENTS = YES;
				CLANG_WARN_EMPTY_BODY = YES;
				CLANG_WARN_ENUM_CONVERSION = YES;
				CLANG_WARN_INFINITE_RECURSION = YES;
				CLANG_WARN_INT_CONVERSION = YES;
				CLANG_WARN_NON_LITERAL_NULL_CONVERSION = YES;
				CLANG_WARN_OBJC_IMPLICIT_RETAIN_SELF = YES;
				CLANG_WARN_OBJC_LITERAL_CONVERSION = YES;
				CLANG_WARN_OBJC_ROOT_CLASS = YES_ERROR;
				CLANG_WARN_QUOTED_INCLUDE_IN_FRAMEWORK_HEADER = YES;
				CLANG_WARN_RANGE_LOOP_ANALYSIS = YES;
				CLANG_WARN_STRICT_PROTOTYPES = YES;
				CLANG_WARN_SUSPICIOUS_MOVE = YES;
				CLANG_WARN_UNGUARDED_AVAILABILITY = YES_AGGRESSIVE;
				CLANG_WARN_UNREACHABLE_CODE = YES;
				CLANG_WARN__DUPLICATE_METHOD_MATCH = YES;
				COPY_PHASE_STRIP = NO;
				DEBUG_INFORMATION_FORMAT = "dwarf-with-dsym";
				ENABLE_NS_ASSERTIONS = NO;
				ENABLE_STRICT_OBJC_MSGSEND = YES;
				GCC_C_LANGUAGE_STANDARD = gnu11;
				GCC_NO_COMMON_BLOCKS = YES;
				GCC_WARN_64_TO_32_BIT_CONVERSION = YES;
				GCC_WARN_ABOUT_RETURN_TYPE = YES_ERROR;
				GCC_WARN_UNDECLARED_SELECTOR = YES;
				GCC_WARN_UNINITIALIZED_AUTOS = YES_AGGRESSIVE;
				GCC_WARN_UNUSED_FUNCTION = YES;
				GCC_WARN_UNUSED_VARIABLE = YES;
				IPHONEOS_DEPLOYMENT_TARGET = 14.3;
				MTL_ENABLE_DEBUG_INFO = NO;
				MTL_FAST_MATH = YES;
				SDKROOT = iphoneos;
				SWIFT_COMPILATION_MODE = wholemodule;
				SWIFT_OPTIMIZATION_LEVEL = "-O";
				VALIDATE_PRODUCT = YES;
			};
			name = Release;
		};
		EA621BAC25B54F1200D8FC32 /* Debug */ = {
			isa = XCBuildConfiguration;
			buildSettings = {
				ASSETCATALOG_COMPILER_APPICON_NAME = AppIcon;
				ASSETCATALOG_COMPILER_GLOBAL_ACCENT_COLOR_NAME = AccentColor;
				CODE_SIGN_STYLE = Automatic;
				DEVELOPMENT_TEAM = 59S3366Z8K;
				INFOPLIST_FILE = quizy/Info.plist;
				LD_RUNPATH_SEARCH_PATHS = (
					"$(inherited)",
					"@executable_path/Frameworks",
				);
				PRODUCT_BUNDLE_IDENTIFIER = com.antoniotoriz.quizy;
				PRODUCT_NAME = "$(TARGET_NAME)";
				SWIFT_VERSION = 5.0;
				TARGETED_DEVICE_FAMILY = "1,2";
			};
			name = Debug;
		};
		EA621BAD25B54F1200D8FC32 /* Release */ = {
			isa = XCBuildConfiguration;
			buildSettings = {
				ASSETCATALOG_COMPILER_APPICON_NAME = AppIcon;
				ASSETCATALOG_COMPILER_GLOBAL_ACCENT_COLOR_NAME = AccentColor;
				CODE_SIGN_STYLE = Automatic;
				DEVELOPMENT_TEAM = 59S3366Z8K;
				INFOPLIST_FILE = quizy/Info.plist;
				LD_RUNPATH_SEARCH_PATHS = (
					"$(inherited)",
					"@executable_path/Frameworks",
				);
				PRODUCT_BUNDLE_IDENTIFIER = com.antoniotoriz.quizy;
				PRODUCT_NAME = "$(TARGET_NAME)";
				SWIFT_VERSION = 5.0;
				TARGETED_DEVICE_FAMILY = "1,2";
			};
			name = Release;
		};
/* End XCBuildConfiguration section */

/* Begin XCConfigurationList section */
		EA621B9225B54F1100D8FC32 /* Build configuration list for PBXProject "quizy" */ = {
			isa = XCConfigurationList;
			buildConfigurations = (
				EA621BA925B54F1200D8FC32 /* Debug */,
				EA621BAA25B54F1200D8FC32 /* Release */,
			);
			defaultConfigurationIsVisible = 0;
			defaultConfigurationName = Release;
		};
		EA621BAB25B54F1200D8FC32 /* Build configuration list for PBXNativeTarget "quizy" */ = {
			isa = XCConfigurationList;
			buildConfigurations = (
				EA621BAC25B54F1200D8FC32 /* Debug */,
				EA621BAD25B54F1200D8FC32 /* Release */,
			);
			defaultConfigurationIsVisible = 0;
			defaultConfigurationName = Release;
		};
/* End XCConfigurationList section */
	};
	rootObject = EA621B8F25B54F1100D8FC32 /* Project object */;
}
